// !$*UTF8*$!
{
	archiveVersion = 1;
	classes = {
	};
	objectVersion = 56;
	objects = {

/* Begin PBXBuildFile section */
		3A53A70129F8F18800B4B629 /* URLRequestsHandling.swift in Sources */ = {isa = PBXBuildFile; fileRef = 3ABDE1A329F36A2E008C8598 /* URLRequestsHandling.swift */; };
		3A53A70229F8F1B100B4B629 /* UIConstants.swift in Sources */ = {isa = PBXBuildFile; fileRef = 3ABDE1B429F66870008C8598 /* UIConstants.swift */; };
		3A5FC50B29F678D900A3ABEE /* WeatherDataStructs.swift in Sources */ = {isa = PBXBuildFile; fileRef = 3AA894E929F355F800FF738D /* WeatherDataStructs.swift */; };
		3A5FC50C29F67B7F00A3ABEE /* Main.storyboard in Resources */ = {isa = PBXBuildFile; fileRef = 3AA4EEF329EF7919001671A0 /* Main.storyboard */; };
		3A5FC50F29F7298A00A3ABEE /* PrevSearchesCell.swift in Sources */ = {isa = PBXBuildFile; fileRef = 3A5FC50D29F7298A00A3ABEE /* PrevSearchesCell.swift */; };
		3A5FC51029F7298A00A3ABEE /* PrevSearchesCell.swift in Sources */ = {isa = PBXBuildFile; fileRef = 3A5FC50D29F7298A00A3ABEE /* PrevSearchesCell.swift */; };
		3A5FC51129F7298A00A3ABEE /* PrevSearchesCell.xib in Resources */ = {isa = PBXBuildFile; fileRef = 3A5FC50E29F7298A00A3ABEE /* PrevSearchesCell.xib */; };
		3A5FC51229F7298A00A3ABEE /* PrevSearchesCell.xib in Resources */ = {isa = PBXBuildFile; fileRef = 3A5FC50E29F7298A00A3ABEE /* PrevSearchesCell.xib */; };
		3A5FC51429F73B0200A3ABEE /* WeatherPicsController.swift in Sources */ = {isa = PBXBuildFile; fileRef = 3A5FC51329F73B0200A3ABEE /* WeatherPicsController.swift */; };
		3A5FC51529F73B0200A3ABEE /* WeatherPicsController.swift in Sources */ = {isa = PBXBuildFile; fileRef = 3A5FC51329F73B0200A3ABEE /* WeatherPicsController.swift */; };
		3A5FC51729F7801800A3ABEE /* WeatherView.swift in Sources */ = {isa = PBXBuildFile; fileRef = 3A5FC51629F7801800A3ABEE /* WeatherView.swift */; };
		3A5FC51929F7804600A3ABEE /* WeatherView.xib in Resources */ = {isa = PBXBuildFile; fileRef = 3A5FC51829F7804600A3ABEE /* WeatherView.xib */; };
		3A5FC51B29F784D300A3ABEE /* WindView.swift in Sources */ = {isa = PBXBuildFile; fileRef = 3A5FC51A29F784D300A3ABEE /* WindView.swift */; };
		3AA4EEEE29EF7919001671A0 /* AppDelegate.swift in Sources */ = {isa = PBXBuildFile; fileRef = 3AA4EEED29EF7919001671A0 /* AppDelegate.swift */; };
		3AA4EEF029EF7919001671A0 /* SceneDelegate.swift in Sources */ = {isa = PBXBuildFile; fileRef = 3AA4EEEF29EF7919001671A0 /* SceneDelegate.swift */; };
		3AA4EEF229EF7919001671A0 /* MainViewController.swift in Sources */ = {isa = PBXBuildFile; fileRef = 3AA4EEF129EF7919001671A0 /* MainViewController.swift */; };
		3AA4EEF529EF7919001671A0 /* Main.storyboard in Resources */ = {isa = PBXBuildFile; fileRef = 3AA4EEF329EF7919001671A0 /* Main.storyboard */; };
		3AA4EEF729EF791B001671A0 /* Assets.xcassets in Resources */ = {isa = PBXBuildFile; fileRef = 3AA4EEF629EF791B001671A0 /* Assets.xcassets */; };
		3AA4EEFA29EF791B001671A0 /* LaunchScreen.storyboard in Resources */ = {isa = PBXBuildFile; fileRef = 3AA4EEF829EF791B001671A0 /* LaunchScreen.storyboard */; };
		3AA4EF0529EF791B001671A0 /* ChasingWeatherTests.swift in Sources */ = {isa = PBXBuildFile; fileRef = 3AA4EF0429EF791B001671A0 /* ChasingWeatherTests.swift */; };
		3AA4EF0F29EF791B001671A0 /* ChasingWeatherUITests.swift in Sources */ = {isa = PBXBuildFile; fileRef = 3AA4EF0E29EF791B001671A0 /* ChasingWeatherUITests.swift */; };
		3AA4EF1129EF791B001671A0 /* ChasingWeatherUITestsLaunchTests.swift in Sources */ = {isa = PBXBuildFile; fileRef = 3AA4EF1029EF791B001671A0 /* ChasingWeatherUITestsLaunchTests.swift */; };
		3AA894E829F355DA00FF738D /* JSONDecodingTests.swift in Sources */ = {isa = PBXBuildFile; fileRef = 3AA894E729F355DA00FF738D /* JSONDecodingTests.swift */; };
		3AA894EA29F355F800FF738D /* WeatherDataStructs.swift in Sources */ = {isa = PBXBuildFile; fileRef = 3AA894E929F355F800FF738D /* WeatherDataStructs.swift */; };
		3AA894EC29F35DB300FF738D /* LocationPickerViewController.swift in Sources */ = {isa = PBXBuildFile; fileRef = 3AA894EB29F35DB300FF738D /* LocationPickerViewController.swift */; };
		3ABDE1A429F36A2E008C8598 /* URLRequestsHandling.swift in Sources */ = {isa = PBXBuildFile; fileRef = 3ABDE1A329F36A2E008C8598 /* URLRequestsHandling.swift */; };
		3ABDE1A629F36CDB008C8598 /* OpenWeatherAPIGateway.swift in Sources */ = {isa = PBXBuildFile; fileRef = 3ABDE1A529F36CDB008C8598 /* OpenWeatherAPIGateway.swift */; };
		3ABDE1A829F3781D008C8598 /* UserDefaultsWeatherStorage.swift in Sources */ = {isa = PBXBuildFile; fileRef = 3ABDE1A729F3781D008C8598 /* UserDefaultsWeatherStorage.swift */; };
		3ABDE1AA29F37ACF008C8598 /* WeatherDataController.swift in Sources */ = {isa = PBXBuildFile; fileRef = 3ABDE1A929F37ACF008C8598 /* WeatherDataController.swift */; };
		3ABDE1AC29F61417008C8598 /* LocationProvider.swift in Sources */ = {isa = PBXBuildFile; fileRef = 3ABDE1AB29F61417008C8598 /* LocationProvider.swift */; };
		3ABDE1B329F66855008C8598 /* DetailsViewController.swift in Sources */ = {isa = PBXBuildFile; fileRef = 3ABDE1B229F66855008C8598 /* DetailsViewController.swift */; };
		3ABDE1B529F66870008C8598 /* UIConstants.swift in Sources */ = {isa = PBXBuildFile; fileRef = 3ABDE1B429F66870008C8598 /* UIConstants.swift */; };
		3ABDE1B729F6717D008C8598 /* DetailsViewControllerTests.swift in Sources */ = {isa = PBXBuildFile; fileRef = 3ABDE1B629F6717D008C8598 /* DetailsViewControllerTests.swift */; };
		3ABDE1B829F6721C008C8598 /* DetailsViewController.swift in Sources */ = {isa = PBXBuildFile; fileRef = 3ABDE1B229F66855008C8598 /* DetailsViewController.swift */; };
/* End PBXBuildFile section */

/* Begin PBXContainerItemProxy section */
		3AA4EF0129EF791B001671A0 /* PBXContainerItemProxy */ = {
			isa = PBXContainerItemProxy;
			containerPortal = 3AA4EEE229EF7919001671A0 /* Project object */;
			proxyType = 1;
			remoteGlobalIDString = 3AA4EEE929EF7919001671A0;
			remoteInfo = ChasingWeather;
		};
		3AA4EF0B29EF791B001671A0 /* PBXContainerItemProxy */ = {
			isa = PBXContainerItemProxy;
			containerPortal = 3AA4EEE229EF7919001671A0 /* Project object */;
			proxyType = 1;
			remoteGlobalIDString = 3AA4EEE929EF7919001671A0;
			remoteInfo = ChasingWeather;
		};
/* End PBXContainerItemProxy section */

/* Begin PBXFileReference section */
		3A5FC50D29F7298A00A3ABEE /* PrevSearchesCell.swift */ = {isa = PBXFileReference; lastKnownFileType = sourcecode.swift; path = PrevSearchesCell.swift; sourceTree = "<group>"; };
		3A5FC50E29F7298A00A3ABEE /* PrevSearchesCell.xib */ = {isa = PBXFileReference; lastKnownFileType = file.xib; path = PrevSearchesCell.xib; sourceTree = "<group>"; };
		3A5FC51329F73B0200A3ABEE /* WeatherPicsController.swift */ = {isa = PBXFileReference; lastKnownFileType = sourcecode.swift; path = WeatherPicsController.swift; sourceTree = "<group>"; };
		3A5FC51629F7801800A3ABEE /* WeatherView.swift */ = {isa = PBXFileReference; lastKnownFileType = sourcecode.swift; path = WeatherView.swift; sourceTree = "<group>"; };
		3A5FC51829F7804600A3ABEE /* WeatherView.xib */ = {isa = PBXFileReference; fileEncoding = 4; lastKnownFileType = file.xib; path = WeatherView.xib; sourceTree = "<group>"; };
		3A5FC51A29F784D300A3ABEE /* WindView.swift */ = {isa = PBXFileReference; lastKnownFileType = sourcecode.swift; path = WindView.swift; sourceTree = "<group>"; };
		3AA4EEEA29EF7919001671A0 /* ChasingWeather.app */ = {isa = PBXFileReference; explicitFileType = wrapper.application; includeInIndex = 0; path = ChasingWeather.app; sourceTree = BUILT_PRODUCTS_DIR; };
		3AA4EEED29EF7919001671A0 /* AppDelegate.swift */ = {isa = PBXFileReference; lastKnownFileType = sourcecode.swift; path = AppDelegate.swift; sourceTree = "<group>"; };
		3AA4EEEF29EF7919001671A0 /* SceneDelegate.swift */ = {isa = PBXFileReference; lastKnownFileType = sourcecode.swift; path = SceneDelegate.swift; sourceTree = "<group>"; };
		3AA4EEF129EF7919001671A0 /* MainViewController.swift */ = {isa = PBXFileReference; lastKnownFileType = sourcecode.swift; path = MainViewController.swift; sourceTree = "<group>"; };
		3AA4EEF429EF7919001671A0 /* Base */ = {isa = PBXFileReference; lastKnownFileType = file.storyboard; name = Base; path = Base.lproj/Main.storyboard; sourceTree = "<group>"; };
		3AA4EEF629EF791B001671A0 /* Assets.xcassets */ = {isa = PBXFileReference; lastKnownFileType = folder.assetcatalog; path = Assets.xcassets; sourceTree = "<group>"; };
		3AA4EEF929EF791B001671A0 /* Base */ = {isa = PBXFileReference; lastKnownFileType = file.storyboard; name = Base; path = Base.lproj/LaunchScreen.storyboard; sourceTree = "<group>"; };
		3AA4EEFB29EF791B001671A0 /* Info.plist */ = {isa = PBXFileReference; lastKnownFileType = text.plist.xml; path = Info.plist; sourceTree = "<group>"; };
		3AA4EF0029EF791B001671A0 /* ChasingWeatherTests.xctest */ = {isa = PBXFileReference; explicitFileType = wrapper.cfbundle; includeInIndex = 0; path = ChasingWeatherTests.xctest; sourceTree = BUILT_PRODUCTS_DIR; };
		3AA4EF0429EF791B001671A0 /* ChasingWeatherTests.swift */ = {isa = PBXFileReference; lastKnownFileType = sourcecode.swift; path = ChasingWeatherTests.swift; sourceTree = "<group>"; };
		3AA4EF0A29EF791B001671A0 /* ChasingWeatherUITests.xctest */ = {isa = PBXFileReference; explicitFileType = wrapper.cfbundle; includeInIndex = 0; path = ChasingWeatherUITests.xctest; sourceTree = BUILT_PRODUCTS_DIR; };
		3AA4EF0E29EF791B001671A0 /* ChasingWeatherUITests.swift */ = {isa = PBXFileReference; lastKnownFileType = sourcecode.swift; path = ChasingWeatherUITests.swift; sourceTree = "<group>"; };
		3AA4EF1029EF791B001671A0 /* ChasingWeatherUITestsLaunchTests.swift */ = {isa = PBXFileReference; lastKnownFileType = sourcecode.swift; path = ChasingWeatherUITestsLaunchTests.swift; sourceTree = "<group>"; };
		3AA894E729F355DA00FF738D /* JSONDecodingTests.swift */ = {isa = PBXFileReference; lastKnownFileType = sourcecode.swift; path = JSONDecodingTests.swift; sourceTree = "<group>"; };
		3AA894E929F355F800FF738D /* WeatherDataStructs.swift */ = {isa = PBXFileReference; lastKnownFileType = sourcecode.swift; path = WeatherDataStructs.swift; sourceTree = "<group>"; };
		3AA894EB29F35DB300FF738D /* LocationPickerViewController.swift */ = {isa = PBXFileReference; lastKnownFileType = sourcecode.swift; path = LocationPickerViewController.swift; sourceTree = "<group>"; };
		3ABDE1A329F36A2E008C8598 /* URLRequestsHandling.swift */ = {isa = PBXFileReference; lastKnownFileType = sourcecode.swift; path = URLRequestsHandling.swift; sourceTree = "<group>"; };
		3ABDE1A529F36CDB008C8598 /* OpenWeatherAPIGateway.swift */ = {isa = PBXFileReference; lastKnownFileType = sourcecode.swift; path = OpenWeatherAPIGateway.swift; sourceTree = "<group>"; };
		3ABDE1A729F3781D008C8598 /* UserDefaultsWeatherStorage.swift */ = {isa = PBXFileReference; lastKnownFileType = sourcecode.swift; path = UserDefaultsWeatherStorage.swift; sourceTree = "<group>"; };
		3ABDE1A929F37ACF008C8598 /* WeatherDataController.swift */ = {isa = PBXFileReference; lastKnownFileType = sourcecode.swift; path = WeatherDataController.swift; sourceTree = "<group>"; };
		3ABDE1AB29F61417008C8598 /* LocationProvider.swift */ = {isa = PBXFileReference; lastKnownFileType = sourcecode.swift; path = LocationProvider.swift; sourceTree = "<group>"; };
		3ABDE1B229F66855008C8598 /* DetailsViewController.swift */ = {isa = PBXFileReference; lastKnownFileType = sourcecode.swift; path = DetailsViewController.swift; sourceTree = "<group>"; };
		3ABDE1B429F66870008C8598 /* UIConstants.swift */ = {isa = PBXFileReference; lastKnownFileType = sourcecode.swift; path = UIConstants.swift; sourceTree = "<group>"; };
		3ABDE1B629F6717D008C8598 /* DetailsViewControllerTests.swift */ = {isa = PBXFileReference; lastKnownFileType = sourcecode.swift; path = DetailsViewControllerTests.swift; sourceTree = "<group>"; };
/* End PBXFileReference section */

/* Begin PBXFrameworksBuildPhase section */
		3AA4EEE729EF7919001671A0 /* Frameworks */ = {
			isa = PBXFrameworksBuildPhase;
			buildActionMask = 2147483647;
			files = (
			);
			runOnlyForDeploymentPostprocessing = 0;
		};
		3AA4EEFD29EF791B001671A0 /* Frameworks */ = {
			isa = PBXFrameworksBuildPhase;
			buildActionMask = 2147483647;
			files = (
			);
			runOnlyForDeploymentPostprocessing = 0;
		};
		3AA4EF0729EF791B001671A0 /* Frameworks */ = {
			isa = PBXFrameworksBuildPhase;
			buildActionMask = 2147483647;
			files = (
			);
			runOnlyForDeploymentPostprocessing = 0;
		};
/* End PBXFrameworksBuildPhase section */

/* Begin PBXGroup section */
		3AA4EEE129EF7919001671A0 = {
			isa = PBXGroup;
			children = (
				3AA4EEEC29EF7919001671A0 /* ChasingWeather */,
				3AA4EF0329EF791B001671A0 /* ChasingWeatherTests */,
				3AA4EF0D29EF791B001671A0 /* ChasingWeatherUITests */,
				3AA4EEEB29EF7919001671A0 /* Products */,
			);
			sourceTree = "<group>";
		};
		3AA4EEEB29EF7919001671A0 /* Products */ = {
			isa = PBXGroup;
			children = (
				3AA4EEEA29EF7919001671A0 /* ChasingWeather.app */,
				3AA4EF0029EF791B001671A0 /* ChasingWeatherTests.xctest */,
				3AA4EF0A29EF791B001671A0 /* ChasingWeatherUITests.xctest */,
			);
			name = Products;
			sourceTree = "<group>";
		};
		3AA4EEEC29EF7919001671A0 /* ChasingWeather */ = {
			isa = PBXGroup;
			children = (
				3ABDE1B129F65DC1008C8598 /* Infra */,
				3ABDE1B029F65DA6008C8598 /* Business Logic */,
				3ABDE1A929F37ACF008C8598 /* WeatherDataController.swift */,
				3ABDE1AE29F63382008C8598 /* UI */,
				3AA4EEED29EF7919001671A0 /* AppDelegate.swift */,
				3AA4EEEF29EF7919001671A0 /* SceneDelegate.swift */,
				3AA4EEF629EF791B001671A0 /* Assets.xcassets */,
				3AA4EEFB29EF791B001671A0 /* Info.plist */,
			);
			path = ChasingWeather;
			sourceTree = "<group>";
		};
		3AA4EF0329EF791B001671A0 /* ChasingWeatherTests */ = {
			isa = PBXGroup;
			children = (
				3AA4EF0429EF791B001671A0 /* ChasingWeatherTests.swift */,
				3AA894E729F355DA00FF738D /* JSONDecodingTests.swift */,
				3ABDE1B629F6717D008C8598 /* DetailsViewControllerTests.swift */,
			);
			path = ChasingWeatherTests;
			sourceTree = "<group>";
		};
		3AA4EF0D29EF791B001671A0 /* ChasingWeatherUITests */ = {
			isa = PBXGroup;
			children = (
				3AA4EF0E29EF791B001671A0 /* ChasingWeatherUITests.swift */,
				3AA4EF1029EF791B001671A0 /* ChasingWeatherUITestsLaunchTests.swift */,
			);
			path = ChasingWeatherUITests;
			sourceTree = "<group>";
		};
		3ABDE1AD29F63332008C8598 /* networking */ = {
			isa = PBXGroup;
			children = (
				3ABDE1A329F36A2E008C8598 /* URLRequestsHandling.swift */,
			);
			path = networking;
			sourceTree = "<group>";
		};
		3ABDE1AE29F63382008C8598 /* UI */ = {
			isa = PBXGroup;
			children = (
				3AA4EEF829EF791B001671A0 /* LaunchScreen.storyboard */,
				3AA4EEF329EF7919001671A0 /* Main.storyboard */,
				3A5FC50D29F7298A00A3ABEE /* PrevSearchesCell.swift */,
				3A5FC50E29F7298A00A3ABEE /* PrevSearchesCell.xib */,
				3AA894EB29F35DB300FF738D /* LocationPickerViewController.swift */,
				3AA4EEF129EF7919001671A0 /* MainViewController.swift */,
				3ABDE1B229F66855008C8598 /* DetailsViewController.swift */,
				3ABDE1B429F66870008C8598 /* UIConstants.swift */,
				3A5FC51829F7804600A3ABEE /* WeatherView.xib */,
				3A5FC51629F7801800A3ABEE /* WeatherView.swift */,
				3A5FC51A29F784D300A3ABEE /* WindView.swift */,
			);
			path = UI;
			sourceTree = "<group>";
		};
		3ABDE1AF29F63637008C8598 /* persistence */ = {
			isa = PBXGroup;
			children = (
				3ABDE1A729F3781D008C8598 /* UserDefaultsWeatherStorage.swift */,
			);
			path = persistence;
			sourceTree = "<group>";
		};
		3ABDE1B029F65DA6008C8598 /* Business Logic */ = {
			isa = PBXGroup;
			children = (
				3ABDE1A529F36CDB008C8598 /* OpenWeatherAPIGateway.swift */,
				3ABDE1AF29F63637008C8598 /* persistence */,
				3AA894E929F355F800FF738D /* WeatherDataStructs.swift */,
				3A5FC51329F73B0200A3ABEE /* WeatherPicsController.swift */,
			);
			path = "Business Logic";
			sourceTree = "<group>";
		};
		3ABDE1B129F65DC1008C8598 /* Infra */ = {
			isa = PBXGroup;
			children = (
				3ABDE1AB29F61417008C8598 /* LocationProvider.swift */,
				3ABDE1AD29F63332008C8598 /* networking */,
			);
			path = Infra;
			sourceTree = "<group>";
		};
/* End PBXGroup section */

/* Begin PBXNativeTarget section */
		3AA4EEE929EF7919001671A0 /* ChasingWeather */ = {
			isa = PBXNativeTarget;
			buildConfigurationList = 3AA4EF1429EF791B001671A0 /* Build configuration list for PBXNativeTarget "ChasingWeather" */;
			buildPhases = (
				3AA4EEE629EF7919001671A0 /* Sources */,
				3AA4EEE729EF7919001671A0 /* Frameworks */,
				3AA4EEE829EF7919001671A0 /* Resources */,
			);
			buildRules = (
			);
			dependencies = (
			);
			name = ChasingWeather;
			productName = ChasingWeather;
			productReference = 3AA4EEEA29EF7919001671A0 /* ChasingWeather.app */;
			productType = "com.apple.product-type.application";
		};
		3AA4EEFF29EF791B001671A0 /* ChasingWeatherTests */ = {
			isa = PBXNativeTarget;
			buildConfigurationList = 3AA4EF1729EF791B001671A0 /* Build configuration list for PBXNativeTarget "ChasingWeatherTests" */;
			buildPhases = (
				3AA4EEFC29EF791B001671A0 /* Sources */,
				3AA4EEFD29EF791B001671A0 /* Frameworks */,
				3AA4EEFE29EF791B001671A0 /* Resources */,
			);
			buildRules = (
			);
			dependencies = (
				3AA4EF0229EF791B001671A0 /* PBXTargetDependency */,
			);
			name = ChasingWeatherTests;
			productName = ChasingWeatherTests;
			productReference = 3AA4EF0029EF791B001671A0 /* ChasingWeatherTests.xctest */;
			productType = "com.apple.product-type.bundle.unit-test";
		};
		3AA4EF0929EF791B001671A0 /* ChasingWeatherUITests */ = {
			isa = PBXNativeTarget;
			buildConfigurationList = 3AA4EF1A29EF791B001671A0 /* Build configuration list for PBXNativeTarget "ChasingWeatherUITests" */;
			buildPhases = (
				3AA4EF0629EF791B001671A0 /* Sources */,
				3AA4EF0729EF791B001671A0 /* Frameworks */,
				3AA4EF0829EF791B001671A0 /* Resources */,
			);
			buildRules = (
			);
			dependencies = (
				3AA4EF0C29EF791B001671A0 /* PBXTargetDependency */,
			);
			name = ChasingWeatherUITests;
			productName = ChasingWeatherUITests;
			productReference = 3AA4EF0A29EF791B001671A0 /* ChasingWeatherUITests.xctest */;
			productType = "com.apple.product-type.bundle.ui-testing";
		};
/* End PBXNativeTarget section */

/* Begin PBXProject section */
		3AA4EEE229EF7919001671A0 /* Project object */ = {
			isa = PBXProject;
			attributes = {
				BuildIndependentTargetsInParallel = 1;
				LastSwiftUpdateCheck = 1420;
				LastUpgradeCheck = 1420;
				TargetAttributes = {
					3AA4EEE929EF7919001671A0 = {
						CreatedOnToolsVersion = 14.2;
					};
					3AA4EEFF29EF791B001671A0 = {
						CreatedOnToolsVersion = 14.2;
						TestTargetID = 3AA4EEE929EF7919001671A0;
					};
					3AA4EF0929EF791B001671A0 = {
						CreatedOnToolsVersion = 14.2;
						TestTargetID = 3AA4EEE929EF7919001671A0;
					};
				};
			};
			buildConfigurationList = 3AA4EEE529EF7919001671A0 /* Build configuration list for PBXProject "ChasingWeather" */;
			compatibilityVersion = "Xcode 14.0";
			developmentRegion = en;
			hasScannedForEncodings = 0;
			knownRegions = (
				en,
				Base,
			);
			mainGroup = 3AA4EEE129EF7919001671A0;
			productRefGroup = 3AA4EEEB29EF7919001671A0 /* Products */;
			projectDirPath = "";
			projectRoot = "";
			targets = (
				3AA4EEE929EF7919001671A0 /* ChasingWeather */,
				3AA4EEFF29EF791B001671A0 /* ChasingWeatherTests */,
				3AA4EF0929EF791B001671A0 /* ChasingWeatherUITests */,
			);
		};
/* End PBXProject section */

/* Begin PBXResourcesBuildPhase section */
		3AA4EEE829EF7919001671A0 /* Resources */ = {
			isa = PBXResourcesBuildPhase;
			buildActionMask = 2147483647;
			files = (
				3A5FC51929F7804600A3ABEE /* WeatherView.xib in Resources */,
				3A5FC51129F7298A00A3ABEE /* PrevSearchesCell.xib in Resources */,
				3AA4EEFA29EF791B001671A0 /* LaunchScreen.storyboard in Resources */,
				3AA4EEF729EF791B001671A0 /* Assets.xcassets in Resources */,
				3AA4EEF529EF7919001671A0 /* Main.storyboard in Resources */,
			);
			runOnlyForDeploymentPostprocessing = 0;
		};
		3AA4EEFE29EF791B001671A0 /* Resources */ = {
			isa = PBXResourcesBuildPhase;
			buildActionMask = 2147483647;
			files = (
				3A5FC51229F7298A00A3ABEE /* PrevSearchesCell.xib in Resources */,
				3A5FC50C29F67B7F00A3ABEE /* Main.storyboard in Resources */,
			);
			runOnlyForDeploymentPostprocessing = 0;
		};
		3AA4EF0829EF791B001671A0 /* Resources */ = {
			isa = PBXResourcesBuildPhase;
			buildActionMask = 2147483647;
			files = (
			);
			runOnlyForDeploymentPostprocessing = 0;
		};
/* End PBXResourcesBuildPhase section */

/* Begin PBXSourcesBuildPhase section */
		3AA4EEE629EF7919001671A0 /* Sources */ = {
			isa = PBXSourcesBuildPhase;
			buildActionMask = 2147483647;
			files = (
				3A5FC51729F7801800A3ABEE /* WeatherView.swift in Sources */,
				3ABDE1A829F3781D008C8598 /* UserDefaultsWeatherStorage.swift in Sources */,
				3AA4EEF229EF7919001671A0 /* MainViewController.swift in Sources */,
				3ABDE1AA29F37ACF008C8598 /* WeatherDataController.swift in Sources */,
				3ABDE1B329F66855008C8598 /* DetailsViewController.swift in Sources */,
				3ABDE1A629F36CDB008C8598 /* OpenWeatherAPIGateway.swift in Sources */,
				3A5FC51B29F784D300A3ABEE /* WindView.swift in Sources */,
				3AA4EEEE29EF7919001671A0 /* AppDelegate.swift in Sources */,
				3AA894EA29F355F800FF738D /* WeatherDataStructs.swift in Sources */,
				3ABDE1AC29F61417008C8598 /* LocationProvider.swift in Sources */,
				3A5FC50F29F7298A00A3ABEE /* PrevSearchesCell.swift in Sources */,
				3ABDE1A429F36A2E008C8598 /* URLRequestsHandling.swift in Sources */,
				3AA894EC29F35DB300FF738D /* LocationPickerViewController.swift in Sources */,
				3AA4EEF029EF7919001671A0 /* SceneDelegate.swift in Sources */,
				3A5FC51429F73B0200A3ABEE /* WeatherPicsController.swift in Sources */,
				3ABDE1B529F66870008C8598 /* UIConstants.swift in Sources */,
			);
			runOnlyForDeploymentPostprocessing = 0;
		};
		3AA4EEFC29EF791B001671A0 /* Sources */ = {
			isa = PBXSourcesBuildPhase;
			buildActionMask = 2147483647;
			files = (
				3A53A70129F8F18800B4B629 /* URLRequestsHandling.swift in Sources */,
				3ABDE1B729F6717D008C8598 /* DetailsViewControllerTests.swift in Sources */,
				3A53A70229F8F1B100B4B629 /* UIConstants.swift in Sources */,
				3AA894E829F355DA00FF738D /* JSONDecodingTests.swift in Sources */,
				3A5FC51029F7298A00A3ABEE /* PrevSearchesCell.swift in Sources */,
				3AA4EF0529EF791B001671A0 /* ChasingWeatherTests.swift in Sources */,
				3A5FC50B29F678D900A3ABEE /* WeatherDataStructs.swift in Sources */,
				3A5FC51529F73B0200A3ABEE /* WeatherPicsController.swift in Sources */,
				3ABDE1B829F6721C008C8598 /* DetailsViewController.swift in Sources */,
			);
			runOnlyForDeploymentPostprocessing = 0;
		};
		3AA4EF0629EF791B001671A0 /* Sources */ = {
			isa = PBXSourcesBuildPhase;
			buildActionMask = 2147483647;
			files = (
				3AA4EF0F29EF791B001671A0 /* ChasingWeatherUITests.swift in Sources */,
				3AA4EF1129EF791B001671A0 /* ChasingWeatherUITestsLaunchTests.swift in Sources */,
			);
			runOnlyForDeploymentPostprocessing = 0;
		};
/* End PBXSourcesBuildPhase section */

/* Begin PBXTargetDependency section */
		3AA4EF0229EF791B001671A0 /* PBXTargetDependency */ = {
			isa = PBXTargetDependency;
			target = 3AA4EEE929EF7919001671A0 /* ChasingWeather */;
			targetProxy = 3AA4EF0129EF791B001671A0 /* PBXContainerItemProxy */;
		};
		3AA4EF0C29EF791B001671A0 /* PBXTargetDependency */ = {
			isa = PBXTargetDependency;
			target = 3AA4EEE929EF7919001671A0 /* ChasingWeather */;
			targetProxy = 3AA4EF0B29EF791B001671A0 /* PBXContainerItemProxy */;
		};
/* End PBXTargetDependency section */

/* Begin PBXVariantGroup section */
		3AA4EEF329EF7919001671A0 /* Main.storyboard */ = {
			isa = PBXVariantGroup;
			children = (
				3AA4EEF429EF7919001671A0 /* Base */,
			);
			name = Main.storyboard;
			sourceTree = "<group>";
		};
		3AA4EEF829EF791B001671A0 /* LaunchScreen.storyboard */ = {
			isa = PBXVariantGroup;
			children = (
				3AA4EEF929EF791B001671A0 /* Base */,
			);
			name = LaunchScreen.storyboard;
			sourceTree = "<group>";
		};
/* End PBXVariantGroup section */

/* Begin XCBuildConfiguration section */
		3AA4EF1229EF791B001671A0 /* Debug */ = {
			isa = XCBuildConfiguration;
			buildSettings = {
				ALWAYS_SEARCH_USER_PATHS = NO;
				CLANG_ANALYZER_NONNULL = YES;
				CLANG_ANALYZER_NUMBER_OBJECT_CONVERSION = YES_AGGRESSIVE;
				CLANG_CXX_LANGUAGE_STANDARD = "gnu++20";
				CLANG_ENABLE_MODULES = YES;
				CLANG_ENABLE_OBJC_ARC = YES;
				CLANG_ENABLE_OBJC_WEAK = YES;
				CLANG_WARN_BLOCK_CAPTURE_AUTORELEASING = YES;
				CLANG_WARN_BOOL_CONVERSION = YES;
				CLANG_WARN_COMMA = YES;
				CLANG_WARN_CONSTANT_CONVERSION = YES;
				CLANG_WARN_DEPRECATED_OBJC_IMPLEMENTATIONS = YES;
				CLANG_WARN_DIRECT_OBJC_ISA_USAGE = YES_ERROR;
				CLANG_WARN_DOCUMENTATION_COMMENTS = YES;
				CLANG_WARN_EMPTY_BODY = YES;
				CLANG_WARN_ENUM_CONVERSION = YES;
				CLANG_WARN_INFINITE_RECURSION = YES;
				CLANG_WARN_INT_CONVERSION = YES;
				CLANG_WARN_NON_LITERAL_NULL_CONVERSION = YES;
				CLANG_WARN_OBJC_IMPLICIT_RETAIN_SELF = YES;
				CLANG_WARN_OBJC_LITERAL_CONVERSION = YES;
				CLANG_WARN_OBJC_ROOT_CLASS = YES_ERROR;
				CLANG_WARN_QUOTED_INCLUDE_IN_FRAMEWORK_HEADER = YES;
				CLANG_WARN_RANGE_LOOP_ANALYSIS = YES;
				CLANG_WARN_STRICT_PROTOTYPES = YES;
				CLANG_WARN_SUSPICIOUS_MOVE = YES;
				CLANG_WARN_UNGUARDED_AVAILABILITY = YES_AGGRESSIVE;
				CLANG_WARN_UNREACHABLE_CODE = YES;
				CLANG_WARN__DUPLICATE_METHOD_MATCH = YES;
				COPY_PHASE_STRIP = NO;
				DEBUG_INFORMATION_FORMAT = dwarf;
				ENABLE_STRICT_OBJC_MSGSEND = YES;
				ENABLE_TESTABILITY = YES;
				GCC_C_LANGUAGE_STANDARD = gnu11;
				GCC_DYNAMIC_NO_PIC = NO;
				GCC_NO_COMMON_BLOCKS = YES;
				GCC_OPTIMIZATION_LEVEL = 0;
				GCC_PREPROCESSOR_DEFINITIONS = (
					"DEBUG=1",
					"$(inherited)",
				);
				GCC_WARN_64_TO_32_BIT_CONVERSION = YES;
				GCC_WARN_ABOUT_RETURN_TYPE = YES_ERROR;
				GCC_WARN_UNDECLARED_SELECTOR = YES;
				GCC_WARN_UNINITIALIZED_AUTOS = YES_AGGRESSIVE;
				GCC_WARN_UNUSED_FUNCTION = YES;
				GCC_WARN_UNUSED_VARIABLE = YES;
				IPHONEOS_DEPLOYMENT_TARGET = 16.2;
				MTL_ENABLE_DEBUG_INFO = INCLUDE_SOURCE;
				MTL_FAST_MATH = YES;
				ONLY_ACTIVE_ARCH = YES;
				SDKROOT = iphoneos;
				SWIFT_ACTIVE_COMPILATION_CONDITIONS = DEBUG;
				SWIFT_OPTIMIZATION_LEVEL = "-Onone";
			};
			name = Debug;
		};
		3AA4EF1329EF791B001671A0 /* Release */ = {
			isa = XCBuildConfiguration;
			buildSettings = {
				ALWAYS_SEARCH_USER_PATHS = NO;
				CLANG_ANALYZER_NONNULL = YES;
				CLANG_ANALYZER_NUMBER_OBJECT_CONVERSION = YES_AGGRESSIVE;
				CLANG_CXX_LANGUAGE_STANDARD = "gnu++20";
				CLANG_ENABLE_MODULES = YES;
				CLANG_ENABLE_OBJC_ARC = YES;
				CLANG_ENABLE_OBJC_WEAK = YES;
				CLANG_WARN_BLOCK_CAPTURE_AUTORELEASING = YES;
				CLANG_WARN_BOOL_CONVERSION = YES;
				CLANG_WARN_COMMA = YES;
				CLANG_WARN_CONSTANT_CONVERSION = YES;
				CLANG_WARN_DEPRECATED_OBJC_IMPLEMENTATIONS = YES;
				CLANG_WARN_DIRECT_OBJC_ISA_USAGE = YES_ERROR;
				CLANG_WARN_DOCUMENTATION_COMMENTS = YES;
				CLANG_WARN_EMPTY_BODY = YES;
				CLANG_WARN_ENUM_CONVERSION = YES;
				CLANG_WARN_INFINITE_RECURSION = YES;
				CLANG_WARN_INT_CONVERSION = YES;
				CLANG_WARN_NON_LITERAL_NULL_CONVERSION = YES;
				CLANG_WARN_OBJC_IMPLICIT_RETAIN_SELF = YES;
				CLANG_WARN_OBJC_LITERAL_CONVERSION = YES;
				CLANG_WARN_OBJC_ROOT_CLASS = YES_ERROR;
				CLANG_WARN_QUOTED_INCLUDE_IN_FRAMEWORK_HEADER = YES;
				CLANG_WARN_RANGE_LOOP_ANALYSIS = YES;
				CLANG_WARN_STRICT_PROTOTYPES = YES;
				CLANG_WARN_SUSPICIOUS_MOVE = YES;
				CLANG_WARN_UNGUARDED_AVAILABILITY = YES_AGGRESSIVE;
				CLANG_WARN_UNREACHABLE_CODE = YES;
				CLANG_WARN__DUPLICATE_METHOD_MATCH = YES;
				COPY_PHASE_STRIP = NO;
				DEBUG_INFORMATION_FORMAT = "dwarf-with-dsym";
				ENABLE_NS_ASSERTIONS = NO;
				ENABLE_STRICT_OBJC_MSGSEND = YES;
				GCC_C_LANGUAGE_STANDARD = gnu11;
				GCC_NO_COMMON_BLOCKS = YES;
				GCC_WARN_64_TO_32_BIT_CONVERSION = YES;
				GCC_WARN_ABOUT_RETURN_TYPE = YES_ERROR;
				GCC_WARN_UNDECLARED_SELECTOR = YES;
				GCC_WARN_UNINITIALIZED_AUTOS = YES_AGGRESSIVE;
				GCC_WARN_UNUSED_FUNCTION = YES;
				GCC_WARN_UNUSED_VARIABLE = YES;
				IPHONEOS_DEPLOYMENT_TARGET = 16.2;
				MTL_ENABLE_DEBUG_INFO = NO;
				MTL_FAST_MATH = YES;
				SDKROOT = iphoneos;
				SWIFT_COMPILATION_MODE = wholemodule;
				SWIFT_OPTIMIZATION_LEVEL = "-O";
				VALIDATE_PRODUCT = YES;
			};
			name = Release;
		};
		3AA4EF1529EF791B001671A0 /* Debug */ = {
			isa = XCBuildConfiguration;
			buildSettings = {
				ASSETCATALOG_COMPILER_APPICON_NAME = AppIcon;
				ASSETCATALOG_COMPILER_GLOBAL_ACCENT_COLOR_NAME = AccentColor;
				CODE_SIGN_STYLE = Automatic;
				CURRENT_PROJECT_VERSION = 1;
				DEVELOPMENT_TEAM = 2X8K8GNKYA;
				GENERATE_INFOPLIST_FILE = YES;
				INFOPLIST_FILE = ChasingWeather/Info.plist;
				INFOPLIST_KEY_UIApplicationSupportsIndirectInputEvents = YES;
				INFOPLIST_KEY_UILaunchStoryboardName = LaunchScreen;
				INFOPLIST_KEY_UIMainStoryboardFile = Main;
				INFOPLIST_KEY_UISupportedInterfaceOrientations_iPad = "UIInterfaceOrientationPortrait UIInterfaceOrientationPortraitUpsideDown UIInterfaceOrientationLandscapeLeft UIInterfaceOrientationLandscapeRight";
				INFOPLIST_KEY_UISupportedInterfaceOrientations_iPhone = "UIInterfaceOrientationPortrait UIInterfaceOrientationLandscapeLeft UIInterfaceOrientationLandscapeRight";
				LD_RUNPATH_SEARCH_PATHS = (
					"$(inherited)",
					"@executable_path/Frameworks",
				);
				MARKETING_VERSION = 1.0;
				PRODUCT_BUNDLE_IDENTIFIER = com.tugolukov.ChasingWeather;
				PRODUCT_NAME = "$(TARGET_NAME)";
				SWIFT_EMIT_LOC_STRINGS = YES;
				SWIFT_VERSION = 5.0;
				TARGETED_DEVICE_FAMILY = "1,2";
			};
			name = Debug;
		};
		3AA4EF1629EF791B001671A0 /* Release */ = {
			isa = XCBuildConfiguration;
			buildSettings = {
				ASSETCATALOG_COMPILER_APPICON_NAME = AppIcon;
				ASSETCATALOG_COMPILER_GLOBAL_ACCENT_COLOR_NAME = AccentColor;
				CODE_SIGN_STYLE = Automatic;
				CURRENT_PROJECT_VERSION = 1;
				DEVELOPMENT_TEAM = 2X8K8GNKYA;
				GENERATE_INFOPLIST_FILE = YES;
				INFOPLIST_FILE = ChasingWeather/Info.plist;
				INFOPLIST_KEY_UIApplicationSupportsIndirectInputEvents = YES;
				INFOPLIST_KEY_UILaunchStoryboardName = LaunchScreen;
				INFOPLIST_KEY_UIMainStoryboardFile = Main;
				INFOPLIST_KEY_UISupportedInterfaceOrientations_iPad = "UIInterfaceOrientationPortrait UIInterfaceOrientationPortraitUpsideDown UIInterfaceOrientationLandscapeLeft UIInterfaceOrientationLandscapeRight";
				INFOPLIST_KEY_UISupportedInterfaceOrientations_iPhone = "UIInterfaceOrientationPortrait UIInterfaceOrientationLandscapeLeft UIInterfaceOrientationLandscapeRight";
				LD_RUNPATH_SEARCH_PATHS = (
					"$(inherited)",
					"@executable_path/Frameworks",
				);
				MARKETING_VERSION = 1.0;
				PRODUCT_BUNDLE_IDENTIFIER = com.tugolukov.ChasingWeather;
				PRODUCT_NAME = "$(TARGET_NAME)";
				SWIFT_EMIT_LOC_STRINGS = YES;
				SWIFT_VERSION = 5.0;
				TARGETED_DEVICE_FAMILY = "1,2";
			};
			name = Release;
		};
		3AA4EF1829EF791B001671A0 /* Debug */ = {
			isa = XCBuildConfiguration;
			buildSettings = {
				ALWAYS_EMBED_SWIFT_STANDARD_LIBRARIES = YES;
				BUNDLE_LOADER = "$(TEST_HOST)";
				CODE_SIGN_STYLE = Automatic;
				CURRENT_PROJECT_VERSION = 1;
				DEVELOPMENT_TEAM = 2X8K8GNKYA;
				GENERATE_INFOPLIST_FILE = YES;
				IPHONEOS_DEPLOYMENT_TARGET = 16.2;
				MARKETING_VERSION = 1.0;
				PRODUCT_BUNDLE_IDENTIFIER = com.tugolukov.ChasingWeatherTests;
				PRODUCT_NAME = "$(TARGET_NAME)";
				SWIFT_EMIT_LOC_STRINGS = NO;
				SWIFT_VERSION = 5.0;
				TARGETED_DEVICE_FAMILY = "1,2";
				TEST_HOST = "$(BUILT_PRODUCTS_DIR)/ChasingWeather.app/$(BUNDLE_EXECUTABLE_FOLDER_PATH)/ChasingWeather";
			};
			name = Debug;
		};
		3AA4EF1929EF791B001671A0 /* Release */ = {
			isa = XCBuildConfiguration;
			buildSettings = {
				ALWAYS_EMBED_SWIFT_STANDARD_LIBRARIES = YES;
				BUNDLE_LOADER = "$(TEST_HOST)";
				CODE_SIGN_STYLE = Automatic;
				CURRENT_PROJECT_VERSION = 1;
				DEVELOPMENT_TEAM = 2X8K8GNKYA;
				GENERATE_INFOPLIST_FILE = YES;
				IPHONEOS_DEPLOYMENT_TARGET = 16.2;
				MARKETING_VERSION = 1.0;
				PRODUCT_BUNDLE_IDENTIFIER = com.tugolukov.ChasingWeatherTests;
				PRODUCT_NAME = "$(TARGET_NAME)";
				SWIFT_EMIT_LOC_STRINGS = NO;
				SWIFT_VERSION = 5.0;
				TARGETED_DEVICE_FAMILY = "1,2";
				TEST_HOST = "$(BUILT_PRODUCTS_DIR)/ChasingWeather.app/$(BUNDLE_EXECUTABLE_FOLDER_PATH)/ChasingWeather";
			};
			name = Release;
		};
		3AA4EF1B29EF791B001671A0 /* Debug */ = {
			isa = XCBuildConfiguration;
			buildSettings = {
				ALWAYS_EMBED_SWIFT_STANDARD_LIBRARIES = YES;
				CODE_SIGN_STYLE = Automatic;
				CURRENT_PROJECT_VERSION = 1;
				DEVELOPMENT_TEAM = 2X8K8GNKYA;
				GENERATE_INFOPLIST_FILE = YES;
				MARKETING_VERSION = 1.0;
				PRODUCT_BUNDLE_IDENTIFIER = com.tugolukov.ChasingWeatherUITests;
				PRODUCT_NAME = "$(TARGET_NAME)";
				SWIFT_EMIT_LOC_STRINGS = NO;
				SWIFT_VERSION = 5.0;
				TARGETED_DEVICE_FAMILY = "1,2";
				TEST_TARGET_NAME = ChasingWeather;
			};
			name = Debug;
		};
		3AA4EF1C29EF791B001671A0 /* Release */ = {
			isa = XCBuildConfiguration;
			buildSettings = {
				ALWAYS_EMBED_SWIFT_STANDARD_LIBRARIES = YES;
				CODE_SIGN_STYLE = Automatic;
				CURRENT_PROJECT_VERSION = 1;
				DEVELOPMENT_TEAM = 2X8K8GNKYA;
				GENERATE_INFOPLIST_FILE = YES;
				MARKETING_VERSION = 1.0;
				PRODUCT_BUNDLE_IDENTIFIER = com.tugolukov.ChasingWeatherUITests;
				PRODUCT_NAME = "$(TARGET_NAME)";
				SWIFT_EMIT_LOC_STRINGS = NO;
				SWIFT_VERSION = 5.0;
				TARGETED_DEVICE_FAMILY = "1,2";
				TEST_TARGET_NAME = ChasingWeather;
			};
			name = Release;
		};
/* End XCBuildConfiguration section */

/* Begin XCConfigurationList section */
		3AA4EEE529EF7919001671A0 /* Build configuration list for PBXProject "ChasingWeather" */ = {
			isa = XCConfigurationList;
			buildConfigurations = (
				3AA4EF1229EF791B001671A0 /* Debug */,
				3AA4EF1329EF791B001671A0 /* Release */,
			);
			defaultConfigurationIsVisible = 0;
			defaultConfigurationName = Release;
		};
		3AA4EF1429EF791B001671A0 /* Build configuration list for PBXNativeTarget "ChasingWeather" */ = {
			isa = XCConfigurationList;
			buildConfigurations = (
				3AA4EF1529EF791B001671A0 /* Debug */,
				3AA4EF1629EF791B001671A0 /* Release */,
			);
			defaultConfigurationIsVisible = 0;
			defaultConfigurationName = Release;
		};
		3AA4EF1729EF791B001671A0 /* Build configuration list for PBXNativeTarget "ChasingWeatherTests" */ = {
			isa = XCConfigurationList;
			buildConfigurations = (
				3AA4EF1829EF791B001671A0 /* Debug */,
				3AA4EF1929EF791B001671A0 /* Release */,
			);
			defaultConfigurationIsVisible = 0;
			defaultConfigurationName = Release;
		};
		3AA4EF1A29EF791B001671A0 /* Build configuration list for PBXNativeTarget "ChasingWeatherUITests" */ = {
			isa = XCConfigurationList;
			buildConfigurations = (
				3AA4EF1B29EF791B001671A0 /* Debug */,
				3AA4EF1C29EF791B001671A0 /* Release */,
			);
			defaultConfigurationIsVisible = 0;
			defaultConfigurationName = Release;
		};
/* End XCConfigurationList section */
	};
	rootObject = 3AA4EEE229EF7919001671A0 /* Project object */;
}
